<Solution>
  <Project Path="Kybernetik.InspectorGadgets.Editor.csproj" />
  <Project Path="ProPixelizer.csproj" />
  <Project Path="Unity.RenderPipelines.Universal.Editor.csproj" />
  <Project Path="FishNet.Codegen.Cecil.csproj" />
  <Project Path="CAS.Runtime.csproj" />
  <Project Path="DrawXXL.csproj" />
  <Project Path="Kybernetik.InspectorGadgets.csproj" />
  <Project Path="FishNet.Runtime.csproj" />
  <Project Path="Assembly-CSharp.csproj" />
  <Project Path="DTT.EditorUtilities.Editor.csproj" />
  <Project Path="Assembly-CSharp-Editor.csproj" />
  <Project Path="KronnectHub.csproj" />
  <Project Path="DTT.ProceduralUI.Editor.csproj" />
  <Project Path="KAnimationCore.Editor.csproj" />
  <Project Path="GameKit.Dependencies.csproj" />
  <Project Path="DrawXXL-Editor.csproj" />
  <Project Path="VFolders.csproj" />
  <Project Path="MotionWarping.Runtime.csproj" />
  <Project Path="DTT.RuntimeUtilities.Runtime.csproj" />
  <Project Path="DTT.PublishingTools.Editor.csproj" />
  <Project Path="PropertyBindings.Runtime.csproj" />
  <Project Path="DTT.ProceduralUI.Runtime.csproj" />
  <Project Path="MotionWarping.Editor.csproj" />
  <Project Path="CAS.Addons.FPS.Runtime.csproj" />
  <Project Path="KAnimationCore.Runtime.csproj" />
  <Project Path="Unity.FishNet.Codegen.csproj" />
  <Project Path="Assembly-CSharp-firstpass.csproj" />
  <Project Path="CAS.Editor.csproj" />
  <Project Path="CAS.Examples.Editor.csproj" />
  <Project Path="CustomToolbar.csproj" />
  <Project Path="ScriptableWidget.Editor.csproj" />
  <Project Path="FishNet.Demos.csproj" />
  <Project Path="Assembly-CSharp-Editor-firstpass.csproj" />
  <Project Path="UMotionSourceEditor.csproj" />
  <Project Path="CodeMonkeyFree.csproj" />
  <Project Path="PropertyBindings.Editor.csproj" />
  <Project Path="CAS.Examples.Scripts.csproj" />
  <Project Path="DTT.RuntimeUtilities.Demo.csproj" />
  <Project Path="DTT.EditorUtilities.Demo.csproj" />
  <Project Path="EdgeFusion.csproj" />
  <Project Path="V_Animation.csproj" />
  <Project Path="ScriptableWidget.Runtime.csproj" />
  <Project Path="CodeMonkeyFreeEditor.csproj" />
  <Project Path="Bezi.Editor.csproj" />
  <Project Path="UMotionSourceApplication.csproj" />
  <Project Path="EdgeFusionEditor.csproj" />
  <Project Path="CAS.Addons.FPS.Editor.csproj" />
  <Project Path="RecoilAnimation.Runtime.csproj" />
  <Project Path="DTT.ProceduralUI.Tests.csproj" />
  <Project Path="DTT.ProceduralUI.Tests.Editor.csproj" />
  <Project Path="DTT.PublishingTools.Runtime.csproj" />
  <Project Path="DTT.ProceduralUI.Runtime.Unsafe.csproj" />
  <Project Path="DTT.ProceduralUI.Demo.csproj" />
</Solution>
